
Microsoft Visual Studio Solution File, Format Version 12.00
# Visual Studio 15
VisualStudioVersion = 15.0.26228.13
MinimumVisualStudioVersion = 10.0.40219.1
Project("{FAE04EC0-301F-11D3-BF4B-00C04F79EFBC}") = "Mar31Fire.Android", "Mar31Fire\Mar31Fire.Android\Mar31Fire.Android.csproj", "{9FBD52DD-DD75-43EE-8EDC-DEE1E2265587}"
EndProject
Project("{FAE04EC0-301F-11D3-BF4B-00C04F79EFBC}") = "Mar31Fire", "Mar31Fire\Mar31Fire\Mar31Fire.csproj", "{7C06B336-6DDC-401F-8946-15972AF9877F}"
EndProject
Project("{FAE04EC0-301F-11D3-BF4B-00C04F79EFBC}") = "Mar31Fire.UWP", "Mar31Fire\Mar31Fire.UWP\Mar31Fire.UWP.csproj", "{45C87517-B73D-46CF-9035-8FF0EA59FC89}"
EndProject
Project("{FAE04EC0-301F-11D3-BF4B-00C04F79EFBC}") = "Mar31Fire.iOS", "Mar31Fire\Mar31Fire.iOS\Mar31Fire.iOS.csproj", "{ED10D562-ABC9-436B-AD17-7B7E271ED197}"
EndProject
Global
	GlobalSection(SolutionConfigurationPlatforms) = preSolution
		Ad-Hoc|Any CPU = Ad-Hoc|Any CPU
		Ad-Hoc|ARM = Ad-Hoc|ARM
		Ad-Hoc|iPhone = Ad-Hoc|iPhone
		Ad-Hoc|iPhoneSimulator = Ad-Hoc|iPhoneSimulator
		Ad-Hoc|x64 = Ad-Hoc|x64
		Ad-Hoc|x86 = Ad-Hoc|x86
		AppStore|Any CPU = AppStore|Any CPU
		AppStore|ARM = AppStore|ARM
		AppStore|iPhone = AppStore|iPhone
		AppStore|iPhoneSimulator = AppStore|iPhoneSimulator
		AppStore|x64 = AppStore|x64
		AppStore|x86 = AppStore|x86
		Debug|Any CPU = Debug|Any CPU
		Debug|ARM = Debug|ARM
		Debug|iPhone = Debug|iPhone
		Debug|iPhoneSimulator = Debug|iPhoneSimulator
		Debug|x64 = Debug|x64
		Debug|x86 = Debug|x86
		Release|Any CPU = Release|Any CPU
		Release|ARM = Release|ARM
		Release|iPhone = Release|iPhone
		Release|iPhoneSimulator = Release|iPhoneSimulator
		Release|x64 = Release|x64
		Release|x86 = Release|x86
	EndGlobalSection
	GlobalSection(ProjectConfigurationPlatforms) = postSolution
		{9FBD52DD-DD75-43EE-8EDC-DEE1E2265587}.Ad-Hoc|Any CPU.ActiveCfg = Release|Any CPU
		{9FBD52DD-DD75-43EE-8EDC-DEE1E2265587}.Ad-Hoc|Any CPU.Build.0 = Release|Any CPU
		{9FBD52DD-DD75-43EE-8EDC-DEE1E2265587}.Ad-Hoc|Any CPU.Deploy.0 = Release|Any CPU
		{9FBD52DD-DD75-43EE-8EDC-DEE1E2265587}.Ad-Hoc|ARM.ActiveCfg = Release|Any CPU
		{9FBD52DD-DD75-43EE-8EDC-DEE1E2265587}.Ad-Hoc|ARM.Build.0 = Release|Any CPU
		{9FBD52DD-DD75-43EE-8EDC-DEE1E2265587}.Ad-Hoc|ARM.Deploy.0 = Release|Any CPU
		{9FBD52DD-DD75-43EE-8EDC-DEE1E2265587}.Ad-Hoc|iPhone.ActiveCfg = Release|Any CPU
		{9FBD52DD-DD75-43EE-8EDC-DEE1E2265587}.Ad-Hoc|iPhone.Build.0 = Release|Any CPU
		{9FBD52DD-DD75-43EE-8EDC-DEE1E2265587}.Ad-Hoc|iPhone.Deploy.0 = Release|Any CPU
		{9FBD52DD-DD75-43EE-8EDC-DEE1E2265587}.Ad-Hoc|iPhoneSimulator.ActiveCfg = Release|Any CPU
		{9FBD52DD-DD75-43EE-8EDC-DEE1E2265587}.Ad-Hoc|iPhoneSimulator.Build.0 = Release|Any CPU
		{9FBD52DD-DD75-43EE-8EDC-DEE1E2265587}.Ad-Hoc|iPhoneSimulator.Deploy.0 = Release|Any CPU
		{9FBD52DD-DD75-43EE-8EDC-DEE1E2265587}.Ad-Hoc|x64.ActiveCfg = Release|Any CPU
		{9FBD52DD-DD75-43EE-8EDC-DEE1E2265587}.Ad-Hoc|x64.Build.0 = Release|Any CPU
		{9FBD52DD-DD75-43EE-8EDC-DEE1E2265587}.Ad-Hoc|x64.Deploy.0 = Release|Any CPU
		{9FBD52DD-DD75-43EE-8EDC-DEE1E2265587}.Ad-Hoc|x86.ActiveCfg = Release|Any CPU
		{9FBD52DD-DD75-43EE-8EDC-DEE1E2265587}.Ad-Hoc|x86.Build.0 = Release|Any CPU
		{9FBD52DD-DD75-43EE-8EDC-DEE1E2265587}.Ad-Hoc|x86.Deploy.0 = Release|Any CPU
		{9FBD52DD-DD75-43EE-8EDC-DEE1E2265587}.AppStore|Any CPU.ActiveCfg = Release|Any CPU
		{9FBD52DD-DD75-43EE-8EDC-DEE1E2265587}.AppStore|Any CPU.Build.0 = Release|Any CPU
		{9FBD52DD-DD75-43EE-8EDC-DEE1E2265587}.AppStore|Any CPU.Deploy.0 = Release|Any CPU
		{9FBD52DD-DD75-43EE-8EDC-DEE1E2265587}.AppStore|ARM.ActiveCfg = Release|Any CPU
		{9FBD52DD-DD75-43EE-8EDC-DEE1E2265587}.AppStore|ARM.Build.0 = Release|Any CPU
		{9FBD52DD-DD75-43EE-8EDC-DEE1E2265587}.AppStore|ARM.Deploy.0 = Release|Any CPU
		{9FBD52DD-DD75-43EE-8EDC-DEE1E2265587}.AppStore|iPhone.ActiveCfg = Release|Any CPU
		{9FBD52DD-DD75-43EE-8EDC-DEE1E2265587}.AppStore|iPhone.Build.0 = Release|Any CPU
		{9FBD52DD-DD75-43EE-8EDC-DEE1E2265587}.AppStore|iPhone.Deploy.0 = Release|Any CPU
		{9FBD52DD-DD75-43EE-8EDC-DEE1E2265587}.AppStore|iPhoneSimulator.ActiveCfg = Release|Any CPU
		{9FBD52DD-DD75-43EE-8EDC-DEE1E2265587}.AppStore|iPhoneSimulator.Build.0 = Release|Any CPU
		{9FBD52DD-DD75-43EE-8EDC-DEE1E2265587}.AppStore|iPhoneSimulator.Deploy.0 = Release|Any CPU
		{9FBD52DD-DD75-43EE-8EDC-DEE1E2265587}.AppStore|x64.ActiveCfg = Release|Any CPU
		{9FBD52DD-DD75-43EE-8EDC-DEE1E2265587}.AppStore|x64.Build.0 = Release|Any CPU
		{9FBD52DD-DD75-43EE-8EDC-DEE1E2265587}.AppStore|x64.Deploy.0 = Release|Any CPU
		{9FBD52DD-DD75-43EE-8EDC-DEE1E2265587}.AppStore|x86.ActiveCfg = Release|Any CPU
		{9FBD52DD-DD75-43EE-8EDC-DEE1E2265587}.AppStore|x86.Build.0 = Release|Any CPU
		{9FBD52DD-DD75-43EE-8EDC-DEE1E2265587}.AppStore|x86.Deploy.0 = Release|Any CPU
		{9FBD52DD-DD75-43EE-8EDC-DEE1E2265587}.Debug|Any CPU.ActiveCfg = Debug|Any CPU
		{9FBD52DD-DD75-43EE-8EDC-DEE1E2265587}.Debug|Any CPU.Build.0 = Debug|Any CPU
		{9FBD52DD-DD75-43EE-8EDC-DEE1E2265587}.Debug|Any CPU.Deploy.0 = Debug|Any CPU
		{9FBD52DD-DD75-43EE-8EDC-DEE1E2265587}.Debug|ARM.ActiveCfg = Debug|Any CPU
		{9FBD52DD-DD75-43EE-8EDC-DEE1E2265587}.Debug|ARM.Build.0 = Debug|Any CPU
		{9FBD52DD-DD75-43EE-8EDC-DEE1E2265587}.Debug|ARM.Deploy.0 = Debug|Any CPU
		{9FBD52DD-DD75-43EE-8EDC-DEE1E2265587}.Debug|iPhone.ActiveCfg = Debug|Any CPU
		{9FBD52DD-DD75-43EE-8EDC-DEE1E2265587}.Debug|iPhone.Build.0 = Debug|Any CPU
		{9FBD52DD-DD75-43EE-8EDC-DEE1E2265587}.Debug|iPhone.Deploy.0 = Debug|Any CPU
		{9FBD52DD-DD75-43EE-8EDC-DEE1E2265587}.Debug|iPhoneSimulator.ActiveCfg = Debug|Any CPU
		{9FBD52DD-DD75-43EE-8EDC-DEE1E2265587}.Debug|iPhoneSimulator.Build.0 = Debug|Any CPU
		{9FBD52DD-DD75-43EE-8EDC-DEE1E2265587}.Debug|iPhoneSimulator.Deploy.0 = Debug|Any CPU
		{9FBD52DD-DD75-43EE-8EDC-DEE1E2265587}.Debug|x64.ActiveCfg = Debug|Any CPU
		{9FBD52DD-DD75-43EE-8EDC-DEE1E2265587}.Debug|x64.Build.0 = Debug|Any CPU
		{9FBD52DD-DD75-43EE-8EDC-DEE1E2265587}.Debug|x64.Deploy.0 = Debug|Any CPU
		{9FBD52DD-DD75-43EE-8EDC-DEE1E2265587}.Debug|x86.ActiveCfg = Debug|Any CPU
		{9FBD52DD-DD75-43EE-8EDC-DEE1E2265587}.Debug|x86.Build.0 = Debug|Any CPU
		{9FBD52DD-DD75-43EE-8EDC-DEE1E2265587}.Debug|x86.Deploy.0 = Debug|Any CPU
		{9FBD52DD-DD75-43EE-8EDC-DEE1E2265587}.Release|Any CPU.ActiveCfg = Release|Any CPU
		{9FBD52DD-DD75-43EE-8EDC-DEE1E2265587}.Release|Any CPU.Build.0 = Release|Any CPU
		{9FBD52DD-DD75-43EE-8EDC-DEE1E2265587}.Release|Any CPU.Deploy.0 = Release|Any CPU
		{9FBD52DD-DD75-43EE-8EDC-DEE1E2265587}.Release|ARM.ActiveCfg = Release|Any CPU
		{9FBD52DD-DD75-43EE-8EDC-DEE1E2265587}.Release|ARM.Build.0 = Release|Any CPU
		{9FBD52DD-DD75-43EE-8EDC-DEE1E2265587}.Release|ARM.Deploy.0 = Release|Any CPU
		{9FBD52DD-DD75-43EE-8EDC-DEE1E2265587}.Release|iPhone.ActiveCfg = Release|Any CPU
		{9FBD52DD-DD75-43EE-8EDC-DEE1E2265587}.Release|iPhone.Build.0 = Release|Any CPU
		{9FBD52DD-DD75-43EE-8EDC-DEE1E2265587}.Release|iPhone.Deploy.0 = Release|Any CPU
		{9FBD52DD-DD75-43EE-8EDC-DEE1E2265587}.Release|iPhoneSimulator.ActiveCfg = Release|Any CPU
		{9FBD52DD-DD75-43EE-8EDC-DEE1E2265587}.Release|iPhoneSimulator.Build.0 = Release|Any CPU
		{9FBD52DD-DD75-43EE-8EDC-DEE1E2265587}.Release|iPhoneSimulator.Deploy.0 = Release|Any CPU
		{9FBD52DD-DD75-43EE-8EDC-DEE1E2265587}.Release|x64.ActiveCfg = Release|Any CPU
		{9FBD52DD-DD75-43EE-8EDC-DEE1E2265587}.Release|x64.Build.0 = Release|Any CPU
		{9FBD52DD-DD75-43EE-8EDC-DEE1E2265587}.Release|x64.Deploy.0 = Release|Any CPU
		{9FBD52DD-DD75-43EE-8EDC-DEE1E2265587}.Release|x86.ActiveCfg = Release|Any CPU
		{9FBD52DD-DD75-43EE-8EDC-DEE1E2265587}.Release|x86.Build.0 = Release|Any CPU
		{9FBD52DD-DD75-43EE-8EDC-DEE1E2265587}.Release|x86.Deploy.0 = Release|Any CPU
		{7C06B336-6DDC-401F-8946-15972AF9877F}.Ad-Hoc|Any CPU.ActiveCfg = Release|Any CPU
		{7C06B336-6DDC-401F-8946-15972AF9877F}.Ad-Hoc|Any CPU.Build.0 = Release|Any CPU
		{7C06B336-6DDC-401F-8946-15972AF9877F}.Ad-Hoc|ARM.ActiveCfg = Release|Any CPU
		{7C06B336-6DDC-401F-8946-15972AF9877F}.Ad-Hoc|ARM.Build.0 = Release|Any CPU
		{7C06B336-6DDC-401F-8946-15972AF9877F}.Ad-Hoc|iPhone.ActiveCfg = Release|Any CPU
		{7C06B336-6DDC-401F-8946-15972AF9877F}.Ad-Hoc|iPhone.Build.0 = Release|Any CPU
		{7C06B336-6DDC-401F-8946-15972AF9877F}.Ad-Hoc|iPhoneSimulator.ActiveCfg = Release|Any CPU
		{7C06B336-6DDC-401F-8946-15972AF9877F}.Ad-Hoc|iPhoneSimulator.Build.0 = Release|Any CPU
		{7C06B336-6DDC-401F-8946-15972AF9877F}.Ad-Hoc|x64.ActiveCfg = Release|Any CPU
		{7C06B336-6DDC-401F-8946-15972AF9877F}.Ad-Hoc|x64.Build.0 = Release|Any CPU
		{7C06B336-6DDC-401F-8946-15972AF9877F}.Ad-Hoc|x86.ActiveCfg = Release|Any CPU
		{7C06B336-6DDC-401F-8946-15972AF9877F}.Ad-Hoc|x86.Build.0 = Release|Any CPU
		{7C06B336-6DDC-401F-8946-15972AF9877F}.AppStore|Any CPU.ActiveCfg = Release|Any CPU
		{7C06B336-6DDC-401F-8946-15972AF9877F}.AppStore|Any CPU.Build.0 = Release|Any CPU
		{7C06B336-6DDC-401F-8946-15972AF9877F}.AppStore|ARM.ActiveCfg = Release|Any CPU
		{7C06B336-6DDC-401F-8946-15972AF9877F}.AppStore|ARM.Build.0 = Release|Any CPU
		{7C06B336-6DDC-401F-8946-15972AF9877F}.AppStore|iPhone.ActiveCfg = Release|Any CPU
		{7C06B336-6DDC-401F-8946-15972AF9877F}.AppStore|iPhone.Build.0 = Release|Any CPU
		{7C06B336-6DDC-401F-8946-15972AF9877F}.AppStore|iPhoneSimulator.ActiveCfg = Release|Any CPU
		{7C06B336-6DDC-401F-8946-15972AF9877F}.AppStore|iPhoneSimulator.Build.0 = Release|Any CPU
		{7C06B336-6DDC-401F-8946-15972AF9877F}.AppStore|x64.ActiveCfg = Release|Any CPU
		{7C06B336-6DDC-401F-8946-15972AF9877F}.AppStore|x64.Build.0 = Release|Any CPU
		{7C06B336-6DDC-401F-8946-15972AF9877F}.AppStore|x86.ActiveCfg = Release|Any CPU
		{7C06B336-6DDC-401F-8946-15972AF9877F}.AppStore|x86.Build.0 = Release|Any CPU
		{7C06B336-6DDC-401F-8946-15972AF9877F}.Debug|Any CPU.ActiveCfg = Debug|Any CPU
		{7C06B336-6DDC-401F-8946-15972AF9877F}.Debug|Any CPU.Build.0 = Debug|Any CPU
		{7C06B336-6DDC-401F-8946-15972AF9877F}.Debug|ARM.ActiveCfg = Debug|Any CPU
		{7C06B336-6DDC-401F-8946-15972AF9877F}.Debug|ARM.Build.0 = Debug|Any CPU
		{7C06B336-6DDC-401F-8946-15972AF9877F}.Debug|iPhone.ActiveCfg = Debug|Any CPU
		{7C06B336-6DDC-401F-8946-15972AF9877F}.Debug|iPhone.Build.0 = Debug|Any CPU
		{7C06B336-6DDC-401F-8946-15972AF9877F}.Debug|iPhoneSimulator.ActiveCfg = Debug|Any CPU
		{7C06B336-6DDC-401F-8946-15972AF9877F}.Debug|iPhoneSimulator.Build.0 = Debug|Any CPU
		{7C06B336-6DDC-401F-8946-15972AF9877F}.Debug|x64.ActiveCfg = Debug|Any CPU
		{7C06B336-6DDC-401F-8946-15972AF9877F}.Debug|x64.Build.0 = Debug|Any CPU
		{7C06B336-6DDC-401F-8946-15972AF9877F}.Debug|x86.ActiveCfg = Debug|Any CPU
		{7C06B336-6DDC-401F-8946-15972AF9877F}.Debug|x86.Build.0 = Debug|Any CPU
		{7C06B336-6DDC-401F-8946-15972AF9877F}.Release|Any CPU.ActiveCfg = Release|Any CPU
		{7C06B336-6DDC-401F-8946-15972AF9877F}.Release|Any CPU.Build.0 = Release|Any CPU
		{7C06B336-6DDC-401F-8946-15972AF9877F}.Release|ARM.ActiveCfg = Release|Any CPU
		{7C06B336-6DDC-401F-8946-15972AF9877F}.Release|ARM.Build.0 = Release|Any CPU
		{7C06B336-6DDC-401F-8946-15972AF9877F}.Release|iPhone.ActiveCfg = Release|Any CPU
		{7C06B336-6DDC-401F-8946-15972AF9877F}.Release|iPhone.Build.0 = Release|Any CPU
		{7C06B336-6DDC-401F-8946-15972AF9877F}.Release|iPhoneSimulator.ActiveCfg = Release|Any CPU
		{7C06B336-6DDC-401F-8946-15972AF9877F}.Release|iPhoneSimulator.Build.0 = Release|Any CPU
		{7C06B336-6DDC-401F-8946-15972AF9877F}.Release|x64.ActiveCfg = Release|Any CPU
		{7C06B336-6DDC-401F-8946-15972AF9877F}.Release|x64.Build.0 = Release|Any CPU
		{7C06B336-6DDC-401F-8946-15972AF9877F}.Release|x86.ActiveCfg = Release|Any CPU
		{7C06B336-6DDC-401F-8946-15972AF9877F}.Release|x86.Build.0 = Release|Any CPU
		{45C87517-B73D-46CF-9035-8FF0EA59FC89}.Ad-Hoc|Any CPU.ActiveCfg = Release|x86
		{45C87517-B73D-46CF-9035-8FF0EA59FC89}.Ad-Hoc|Any CPU.Build.0 = Release|x86
		{45C87517-B73D-46CF-9035-8FF0EA59FC89}.Ad-Hoc|Any CPU.Deploy.0 = Release|x86
		{45C87517-B73D-46CF-9035-8FF0EA59FC89}.Ad-Hoc|ARM.ActiveCfg = Release|ARM
		{45C87517-B73D-46CF-9035-8FF0EA59FC89}.Ad-Hoc|ARM.Build.0 = Release|ARM
		{45C87517-B73D-46CF-9035-8FF0EA59FC89}.Ad-Hoc|ARM.Deploy.0 = Release|ARM
		{45C87517-B73D-46CF-9035-8FF0EA59FC89}.Ad-Hoc|iPhone.ActiveCfg = Release|x86
		{45C87517-B73D-46CF-9035-8FF0EA59FC89}.Ad-Hoc|iPhone.Build.0 = Release|x86
		{45C87517-B73D-46CF-9035-8FF0EA59FC89}.Ad-Hoc|iPhone.Deploy.0 = Release|x86
		{45C87517-B73D-46CF-9035-8FF0EA59FC89}.Ad-Hoc|iPhoneSimulator.ActiveCfg = Release|x86
		{45C87517-B73D-46CF-9035-8FF0EA59FC89}.Ad-Hoc|iPhoneSimulator.Build.0 = Release|x86
		{45C87517-B73D-46CF-9035-8FF0EA59FC89}.Ad-Hoc|iPhoneSimulator.Deploy.0 = Release|x86
		{45C87517-B73D-46CF-9035-8FF0EA59FC89}.Ad-Hoc|x64.ActiveCfg = Release|x64
		{45C87517-B73D-46CF-9035-8FF0EA59FC89}.Ad-Hoc|x64.Build.0 = Release|x64
		{45C87517-B73D-46CF-9035-8FF0EA59FC89}.Ad-Hoc|x64.Deploy.0 = Release|x64
		{45C87517-B73D-46CF-9035-8FF0EA59FC89}.Ad-Hoc|x86.ActiveCfg = Release|x86
		{45C87517-B73D-46CF-9035-8FF0EA59FC89}.Ad-Hoc|x86.Build.0 = Release|x86
		{45C87517-B73D-46CF-9035-8FF0EA59FC89}.Ad-Hoc|x86.Deploy.0 = Release|x86
		{45C87517-B73D-46CF-9035-8FF0EA59FC89}.AppStore|Any CPU.ActiveCfg = Release|x86
		{45C87517-B73D-46CF-9035-8FF0EA59FC89}.AppStore|Any CPU.Build.0 = Release|x86
		{45C87517-B73D-46CF-9035-8FF0EA59FC89}.AppStore|Any CPU.Deploy.0 = Release|x86
		{45C87517-B73D-46CF-9035-8FF0EA59FC89}.AppStore|ARM.ActiveCfg = Release|ARM
		{45C87517-B73D-46CF-9035-8FF0EA59FC89}.AppStore|ARM.Build.0 = Release|ARM
		{45C87517-B73D-46CF-9035-8FF0EA59FC89}.AppStore|ARM.Deploy.0 = Release|ARM
		{45C87517-B73D-46CF-9035-8FF0EA59FC89}.AppStore|iPhone.ActiveCfg = Release|x86
		{45C87517-B73D-46CF-9035-8FF0EA59FC89}.AppStore|iPhone.Build.0 = Release|x86
		{45C87517-B73D-46CF-9035-8FF0EA59FC89}.AppStore|iPhone.Deploy.0 = Release|x86
		{45C87517-B73D-46CF-9035-8FF0EA59FC89}.AppStore|iPhoneSimulator.ActiveCfg = Release|x86
		{45C87517-B73D-46CF-9035-8FF0EA59FC89}.AppStore|iPhoneSimulator.Build.0 = Release|x86
		{45C87517-B73D-46CF-9035-8FF0EA59FC89}.AppStore|iPhoneSimulator.Deploy.0 = Release|x86
		{45C87517-B73D-46CF-9035-8FF0EA59FC89}.AppStore|x64.ActiveCfg = Release|x64
		{45C87517-B73D-46CF-9035-8FF0EA59FC89}.AppStore|x64.Build.0 = Release|x64
		{45C87517-B73D-46CF-9035-8FF0EA59FC89}.AppStore|x64.Deploy.0 = Release|x64
		{45C87517-B73D-46CF-9035-8FF0EA59FC89}.AppStore|x86.ActiveCfg = Release|x86
		{45C87517-B73D-46CF-9035-8FF0EA59FC89}.AppStore|x86.Build.0 = Release|x86
		{45C87517-B73D-46CF-9035-8FF0EA59FC89}.AppStore|x86.Deploy.0 = Release|x86
		{45C87517-B73D-46CF-9035-8FF0EA59FC89}.Debug|Any CPU.ActiveCfg = Debug|x86
		{45C87517-B73D-46CF-9035-8FF0EA59FC89}.Debug|ARM.ActiveCfg = Debug|ARM
		{45C87517-B73D-46CF-9035-8FF0EA59FC89}.Debug|ARM.Build.0 = Debug|ARM
		{45C87517-B73D-46CF-9035-8FF0EA59FC89}.Debug|ARM.Deploy.0 = Debug|ARM
		{45C87517-B73D-46CF-9035-8FF0EA59FC89}.Debug|iPhone.ActiveCfg = Debug|x86
		{45C87517-B73D-46CF-9035-8FF0EA59FC89}.Debug|iPhoneSimulator.ActiveCfg = Debug|x86
		{45C87517-B73D-46CF-9035-8FF0EA59FC89}.Debug|x64.ActiveCfg = Debug|x64
		{45C87517-B73D-46CF-9035-8FF0EA59FC89}.Debug|x64.Build.0 = Debug|x64
		{45C87517-B73D-46CF-9035-8FF0EA59FC89}.Debug|x64.Deploy.0 = Debug|x64
		{45C87517-B73D-46CF-9035-8FF0EA59FC89}.Debug|x86.ActiveCfg = Debug|x86
		{45C87517-B73D-46CF-9035-8FF0EA59FC89}.Debug|x86.Build.0 = Debug|x86
		{45C87517-B73D-46CF-9035-8FF0EA59FC89}.Debug|x86.Deploy.0 = Debug|x86
		{45C87517-B73D-46CF-9035-8FF0EA59FC89}.Release|Any CPU.ActiveCfg = Release|x86
		{45C87517-B73D-46CF-9035-8FF0EA59FC89}.Release|ARM.ActiveCfg = Release|ARM
		{45C87517-B73D-46CF-9035-8FF0EA59FC89}.Release|ARM.Build.0 = Release|ARM
		{45C87517-B73D-46CF-9035-8FF0EA59FC89}.Release|ARM.Deploy.0 = Release|ARM
		{45C87517-B73D-46CF-9035-8FF0EA59FC89}.Release|iPhone.ActiveCfg = Release|x86
		{45C87517-B73D-46CF-9035-8FF0EA59FC89}.Release|iPhoneSimulator.ActiveCfg = Release|x86
		{45C87517-B73D-46CF-9035-8FF0EA59FC89}.Release|x64.ActiveCfg = Release|x64
		{45C87517-B73D-46CF-9035-8FF0EA59FC89}.Release|x64.Build.0 = Release|x64
		{45C87517-B73D-46CF-9035-8FF0EA59FC89}.Release|x64.Deploy.0 = Release|x64
		{45C87517-B73D-46CF-9035-8FF0EA59FC89}.Release|x86.ActiveCfg = Release|x86
		{45C87517-B73D-46CF-9035-8FF0EA59FC89}.Release|x86.Build.0 = Release|x86
		{45C87517-B73D-46CF-9035-8FF0EA59FC89}.Release|x86.Deploy.0 = Release|x86
		{ED10D562-ABC9-436B-AD17-7B7E271ED197}.Ad-Hoc|Any CPU.ActiveCfg = Ad-Hoc|iPhone
		{ED10D562-ABC9-436B-AD17-7B7E271ED197}.Ad-Hoc|ARM.ActiveCfg = Ad-Hoc|iPhone
		{ED10D562-ABC9-436B-AD17-7B7E271ED197}.Ad-Hoc|iPhone.ActiveCfg = Ad-Hoc|iPhone
		{ED10D562-ABC9-436B-AD17-7B7E271ED197}.Ad-Hoc|iPhone.Build.0 = Ad-Hoc|iPhone
		{ED10D562-ABC9-436B-AD17-7B7E271ED197}.Ad-Hoc|iPhoneSimulator.ActiveCfg = Ad-Hoc|iPhoneSimulator
		{ED10D562-ABC9-436B-AD17-7B7E271ED197}.Ad-Hoc|iPhoneSimulator.Build.0 = Ad-Hoc|iPhoneSimulator
		{ED10D562-ABC9-436B-AD17-7B7E271ED197}.Ad-Hoc|x64.ActiveCfg = Ad-Hoc|iPhone
		{ED10D562-ABC9-436B-AD17-7B7E271ED197}.Ad-Hoc|x86.ActiveCfg = Ad-Hoc|iPhone
		{ED10D562-ABC9-436B-AD17-7B7E271ED197}.AppStore|Any CPU.ActiveCfg = AppStore|iPhone
		{ED10D562-ABC9-436B-AD17-7B7E271ED197}.AppStore|ARM.ActiveCfg = AppStore|iPhone
		{ED10D562-ABC9-436B-AD17-7B7E271ED197}.AppStore|iPhone.ActiveCfg = AppStore|iPhone
		{ED10D562-ABC9-436B-AD17-7B7E271ED197}.AppStore|iPhone.Build.0 = AppStore|iPhone
		{ED10D562-ABC9-436B-AD17-7B7E271ED197}.AppStore|iPhoneSimulator.ActiveCfg = AppStore|iPhoneSimulator
		{ED10D562-ABC9-436B-AD17-7B7E271ED197}.AppStore|iPhoneSimulator.Build.0 = AppStore|iPhoneSimulator
		{ED10D562-ABC9-436B-AD17-7B7E271ED197}.AppStore|x64.ActiveCfg = AppStore|iPhone
		{ED10D562-ABC9-436B-AD17-7B7E271ED197}.AppStore|x86.ActiveCfg = AppStore|iPhone
		{ED10D562-ABC9-436B-AD17-7B7E271ED197}.Debug|Any CPU.ActiveCfg = Debug|iPhone
		{ED10D562-ABC9-436B-AD17-7B7E271ED197}.Debug|ARM.ActiveCfg = Debug|iPhone
		{ED10D562-ABC9-436B-AD17-7B7E271ED197}.Debug|iPhone.ActiveCfg = Debug|iPhone
		{ED10D562-ABC9-436B-AD17-7B7E271ED197}.Debug|iPhone.Build.0 = Debug|iPhone
		{ED10D562-ABC9-436B-AD17-7B7E271ED197}.Debug|iPhoneSimulator.ActiveCfg = Debug|iPhoneSimulator
		{ED10D562-ABC9-436B-AD17-7B7E271ED197}.Debug|iPhoneSimulator.Build.0 = Debug|iPhoneSimulator
		{ED10D562-ABC9-436B-AD17-7B7E271ED197}.Debug|x64.ActiveCfg = Debug|iPhone
		{ED10D562-ABC9-436B-AD17-7B7E271ED197}.Debug|x86.ActiveCfg = Debug|iPhone
		{ED10D562-ABC9-436B-AD17-7B7E271ED197}.Release|Any CPU.ActiveCfg = Release|iPhone
		{ED10D562-ABC9-436B-AD17-7B7E271ED197}.Release|ARM.ActiveCfg = Release|iPhone
		{ED10D562-ABC9-436B-AD17-7B7E271ED197}.Release|iPhone.ActiveCfg = Release|iPhone
		{ED10D562-ABC9-436B-AD17-7B7E271ED197}.Release|iPhone.Build.0 = Release|iPhone
		{ED10D562-ABC9-436B-AD17-7B7E271ED197}.Release|iPhoneSimulator.ActiveCfg = Release|iPhoneSimulator
		{ED10D562-ABC9-436B-AD17-7B7E271ED197}.Release|iPhoneSimulator.Build.0 = Release|iPhoneSimulator
		{ED10D562-ABC9-436B-AD17-7B7E271ED197}.Release|x64.ActiveCfg = Release|iPhone
		{ED10D562-ABC9-436B-AD17-7B7E271ED197}.Release|x86.ActiveCfg = Release|iPhone
	EndGlobalSection
	GlobalSection(SolutionProperties) = preSolution
		HideSolutionNode = FALSE
	EndGlobalSection
EndGlobal
